
Microsoft Visual Studio Solution File, Format Version 12.00
# Visual Studio Version 16
VisualStudioVersion = 16.0.32929.386
MinimumVisualStudioVersion = 10.0.40219.1
Project("{FAE04EC0-301F-11D3-BF4B-00C04F79EFBC}") = "toetsoef2", "toetsoef2\toetsoef2.csproj", "{806C8AA7-CB8B-4587-92CF-0768F770ADEF}"
EndProject
Global
	GlobalSection(SolutionConfigurationPlatforms) = preSolution
		Debug|Any CPU = Debug|Any CPU
		Release|Any CPU = Release|Any CPU
	EndGlobalSection
	GlobalSection(ProjectConfigurationPlatforms) = postSolution
		{806C8AA7-CB8B-4587-92CF-0768F770ADEF}.Debug|Any CPU.ActiveCfg = Debug|Any CPU
		{806C8AA7-CB8B-4587-92CF-0768F770ADEF}.Debug|Any CPU.Build.0 = Debug|Any CPU
		{806C8AA7-CB8B-4587-92CF-0768F770ADEF}.Release|Any CPU.ActiveCfg = Release|Any CPU
		{806C8AA7-CB8B-4587-92CF-0768F770ADEF}.Release|Any CPU.Build.0 = Release|Any CPU
	EndGlobalSection
	GlobalSection(SolutionProperties) = preSolution
		HideSolutionNode = FALSE
	EndGlobalSection
	GlobalSection(ExtensibilityGlobals) = postSolution
		SolutionGuid = {07E28F3D-8A8E-4545-9A3A-19F72012E0ED}
	EndGlobalSection
EndGlobal
